// !$*UTF8*$!
{
	archiveVersion = 1;
	classes = {
	};
	objectVersion = 56;
	objects = {

/* Begin PBXBuildFile section */
		1F1252772B9F35FE0040E32F /* MyProfileElement+.swift in Sources */ = {isa = PBXBuildFile; fileRef = 1F1252762B9F35FE0040E32F /* MyProfileElement+.swift */; };
		1F12527B2BA08B6F0040E32F /* Date+.swift in Sources */ = {isa = PBXBuildFile; fileRef = 1F12527A2BA08B6F0040E32F /* Date+.swift */; };
		1F12527D2BA097860040E32F /* SwipeFriendElement.swift in Sources */ = {isa = PBXBuildFile; fileRef = 1F12527C2BA097860040E32F /* SwipeFriendElement.swift */; };
		1F12527F2BA0CD280040E32F /* ProfileElement+.swift in Sources */ = {isa = PBXBuildFile; fileRef = 1F12527E2BA0CD280040E32F /* ProfileElement+.swift */; };
		1F1B3CA92B9C2997001F356E /* SwiftDataModel.swift in Sources */ = {isa = PBXBuildFile; fileRef = 1F1B3CA82B9C2997001F356E /* SwiftDataModel.swift */; };
		1F1B3CAB2B9C4A12001F356E /* UserDefaultsDataModel.swift in Sources */ = {isa = PBXBuildFile; fileRef = 1F1B3CAA2B9C4A12001F356E /* UserDefaultsDataModel.swift */; };
		1F1B3CAD2B9CB8BD001F356E /* FriendTalkElement.swift in Sources */ = {isa = PBXBuildFile; fileRef = 1F1B3CAC2B9CB8BD001F356E /* FriendTalkElement.swift */; };
		1F1DFD7C2BA5E0DD002366DF /* SettingView.swift in Sources */ = {isa = PBXBuildFile; fileRef = 1F1DFD7B2BA5E0DD002366DF /* SettingView.swift */; };
		1F1DFD802BA5E95C002366DF /* PrivacyView.swift in Sources */ = {isa = PBXBuildFile; fileRef = 1F1DFD7F2BA5E95C002366DF /* PrivacyView.swift */; };
		1F1DFD822BA5FA0E002366DF /* ServiceView.swift in Sources */ = {isa = PBXBuildFile; fileRef = 1F1DFD812BA5FA0E002366DF /* ServiceView.swift */; };
		1F1DFD842BA5FCA4002366DF /* SafariView.swift in Sources */ = {isa = PBXBuildFile; fileRef = 1F1DFD832BA5FCA4002366DF /* SafariView.swift */; };
		1F1DFD862BA5FDCB002366DF /* FormView.swift in Sources */ = {isa = PBXBuildFile; fileRef = 1F1DFD852BA5FDCB002366DF /* FormView.swift */; };
		1F1DFD8A2BA6CABE002366DF /* serviceDescription.txt in Resources */ = {isa = PBXBuildFile; fileRef = 1F1DFD872BA6CABC002366DF /* serviceDescription.txt */; };
		1F1DFD8B2BA6CABE002366DF /* deleteDescription.txt in Resources */ = {isa = PBXBuildFile; fileRef = 1F1DFD882BA6CABD002366DF /* deleteDescription.txt */; };
		1F1DFD8C2BA6CABE002366DF /* privacyDescription.txt in Resources */ = {isa = PBXBuildFile; fileRef = 1F1DFD892BA6CABD002366DF /* privacyDescription.txt */; };
		1F1DFD902BA6CEAE002366DF /* DeleteAccountView.swift in Sources */ = {isa = PBXBuildFile; fileRef = 1F1DFD8F2BA6CEAD002366DF /* DeleteAccountView.swift */; };
		1F1FEB2F2B92BF5600F8AEA3 /* AddressEntryView.swift in Sources */ = {isa = PBXBuildFile; fileRef = 1F1FEB2E2B92BF5600F8AEA3 /* AddressEntryView.swift */; };
		1F1FEB322B92C2DA00F8AEA3 /* Prefectures.swift in Sources */ = {isa = PBXBuildFile; fileRef = 1F1FEB312B92C2DA00F8AEA3 /* Prefectures.swift */; };
		1F1FEB342B92DAE200F8AEA3 /* GenderEntryView.swift in Sources */ = {isa = PBXBuildFile; fileRef = 1F1FEB332B92DAE200F8AEA3 /* GenderEntryView.swift */; };
		1F1FEB362B92E31B00F8AEA3 /* ProfileImageEntryView.swift in Sources */ = {isa = PBXBuildFile; fileRef = 1F1FEB352B92E31B00F8AEA3 /* ProfileImageEntryView.swift */; };
		1F1FEB382B9322DD00F8AEA3 /* HomeImageEntryView.swift in Sources */ = {isa = PBXBuildFile; fileRef = 1F1FEB372B9322DD00F8AEA3 /* HomeImageEntryView.swift */; };
		1F1FEB3B2B93716E00F8AEA3 /* SwipeViewModel.swift in Sources */ = {isa = PBXBuildFile; fileRef = 1F1FEB3A2B93716E00F8AEA3 /* SwipeViewModel.swift */; };
		1F1FEB3F2B9481C100F8AEA3 /* DataImage.swift in Sources */ = {isa = PBXBuildFile; fileRef = 1F1FEB3E2B9481C100F8AEA3 /* DataImage.swift */; };
		1F1FEB422B94929900F8AEA3 /* FriendsElement.swift in Sources */ = {isa = PBXBuildFile; fileRef = 1F1FEB412B94929900F8AEA3 /* FriendsElement.swift */; };
		1F2F1FC32B90AE1200A9615D /* SwipeCardView.swift in Sources */ = {isa = PBXBuildFile; fileRef = 1F2F1FC22B90AE1200A9615D /* SwipeCardView.swift */; };
		1F2F1FC52B90AE2800A9615D /* SwipeView.swift in Sources */ = {isa = PBXBuildFile; fileRef = 1F2F1FC42B90AE2800A9615D /* SwipeView.swift */; };
		1F2F1FC92B90BC5300A9615D /* NameEntryView.swift in Sources */ = {isa = PBXBuildFile; fileRef = 1F2F1FC82B90BC5300A9615D /* NameEntryView.swift */; };
		1F2F1FCB2B90C62A00A9615D /* ExplanationText.swift in Sources */ = {isa = PBXBuildFile; fileRef = 1F2F1FCA2B90C62A00A9615D /* ExplanationText.swift */; };
		1F2F1FD12B90DB7900A9615D /* BirthEntryView.swift in Sources */ = {isa = PBXBuildFile; fileRef = 1F2F1FD02B90DB7900A9615D /* BirthEntryView.swift */; };
		1F2F1FD32B90F1FA00A9615D /* String+.swift in Sources */ = {isa = PBXBuildFile; fileRef = 1F2F1FD22B90F1FA00A9615D /* String+.swift */; };
		1F4822FF2B98C63300098AAE /* LikedCardView.swift in Sources */ = {isa = PBXBuildFile; fileRef = 1F4822FE2B98C63300098AAE /* LikedCardView.swift */; };
		1F4823012B98C7E300098AAE /* LikedView.swift in Sources */ = {isa = PBXBuildFile; fileRef = 1F4823002B98C7E300098AAE /* LikedView.swift */; };
		1F4823032B99803D00098AAE /* MyPageView.swift in Sources */ = {isa = PBXBuildFile; fileRef = 1F4823022B99803D00098AAE /* MyPageView.swift */; };
		1F4823082B9A27D500098AAE /* MyPageViewModel.swift in Sources */ = {isa = PBXBuildFile; fileRef = 1F4823072B9A27D500098AAE /* MyPageViewModel.swift */; };
		1F48230A2B9AE38000098AAE /* ProfileImageEditView.swift in Sources */ = {isa = PBXBuildFile; fileRef = 1F4823092B9AE38000098AAE /* ProfileImageEditView.swift */; };
		1F48230C2B9B09C500098AAE /* IntroductionEditView.swift in Sources */ = {isa = PBXBuildFile; fileRef = 1F48230B2B9B09C500098AAE /* IntroductionEditView.swift */; };
		1F48230E2B9B250E00098AAE /* AddressEditView.swift in Sources */ = {isa = PBXBuildFile; fileRef = 1F48230D2B9B250E00098AAE /* AddressEditView.swift */; };
		1F4823102B9B278E00098AAE /* BirthEditView.swift in Sources */ = {isa = PBXBuildFile; fileRef = 1F48230F2B9B278E00098AAE /* BirthEditView.swift */; };
		1F54CFE02B95DD610084D766 /* SignInView.swift in Sources */ = {isa = PBXBuildFile; fileRef = 1F54CFDF2B95DD610084D766 /* SignInView.swift */; };
		1F78BDA12B9B7B8C00E2FE66 /* FriendPreviewView.swift in Sources */ = {isa = PBXBuildFile; fileRef = 1F78BDA02B9B7B8C00E2FE66 /* FriendPreviewView.swift */; };
		1F9C2DD42B8DD3D500994981 /* FriendListViewModel.swift in Sources */ = {isa = PBXBuildFile; fileRef = 1F9C2DD32B8DD3D500994981 /* FriendListViewModel.swift */; };
		1F9C2DD62B8DE54400994981 /* MessageCountElement.swift in Sources */ = {isa = PBXBuildFile; fileRef = 1F9C2DD52B8DE54400994981 /* MessageCountElement.swift */; };
		1F9C2DDA2B8DFE7A00994981 /* FriendListRowView.swift in Sources */ = {isa = PBXBuildFile; fileRef = 1F9C2DD92B8DFE7A00994981 /* FriendListRowView.swift */; };
		1FEF28452B8A149900EAFB3E /* UserDataModel.swift in Sources */ = {isa = PBXBuildFile; fileRef = 1FEF28442B8A149900EAFB3E /* UserDataModel.swift */; };
		1FEF28472B8A217100EAFB3E /* FriendListView.swift in Sources */ = {isa = PBXBuildFile; fileRef = 1FEF28462B8A217100EAFB3E /* FriendListView.swift */; };
		1FEF28492B8A27F500EAFB3E /* MockData.swift in Sources */ = {isa = PBXBuildFile; fileRef = 1FEF28482B8A27F500EAFB3E /* MockData.swift */; };
		1FEF284B2B8B0DCD00EAFB3E /* AccountStatus.swift in Sources */ = {isa = PBXBuildFile; fileRef = 1FEF284A2B8B0DCD00EAFB3E /* AccountStatus.swift */; };
		1FEF284D2B8B197600EAFB3E /* ChatDataModel.swift in Sources */ = {isa = PBXBuildFile; fileRef = 1FEF284C2B8B197600EAFB3E /* ChatDataModel.swift */; };
		1FF59C652B84CEEB0031C580 /* BloomApp.swift in Sources */ = {isa = PBXBuildFile; fileRef = 1FF59C642B84CEEB0031C580 /* BloomApp.swift */; };
		1FF59C672B84CEEB0031C580 /* ContentView.swift in Sources */ = {isa = PBXBuildFile; fileRef = 1FF59C662B84CEEB0031C580 /* ContentView.swift */; };
		1FF59C692B84CEEC0031C580 /* Assets.xcassets in Resources */ = {isa = PBXBuildFile; fileRef = 1FF59C682B84CEEC0031C580 /* Assets.xcassets */; };
		1FF59C6D2B84CEEC0031C580 /* Preview Assets.xcassets in Resources */ = {isa = PBXBuildFile; fileRef = 1FF59C6C2B84CEEC0031C580 /* Preview Assets.xcassets */; };
		1FF59C792B84E64B0031C580 /* FirebaseAnalytics in Frameworks */ = {isa = PBXBuildFile; productRef = 1FF59C782B84E64B0031C580 /* FirebaseAnalytics */; };
		1FF59C7B2B84E64C0031C580 /* FirebaseAnalyticsOnDeviceConversion in Frameworks */ = {isa = PBXBuildFile; productRef = 1FF59C7A2B84E64C0031C580 /* FirebaseAnalyticsOnDeviceConversion */; };
		1FF59C7D2B84E64C0031C580 /* FirebaseAnalyticsSwift in Frameworks */ = {isa = PBXBuildFile; productRef = 1FF59C7C2B84E64C0031C580 /* FirebaseAnalyticsSwift */; };
		1FF59C7F2B84E64C0031C580 /* FirebaseAnalyticsWithoutAdIdSupport in Frameworks */ = {isa = PBXBuildFile; productRef = 1FF59C7E2B84E64C0031C580 /* FirebaseAnalyticsWithoutAdIdSupport */; };
		1FF59C812B84E64C0031C580 /* FirebaseAppCheck in Frameworks */ = {isa = PBXBuildFile; productRef = 1FF59C802B84E64C0031C580 /* FirebaseAppCheck */; };
		1FF59C8E2B84FC800031C580 /* AuthenticationManager.swift in Sources */ = {isa = PBXBuildFile; fileRef = 1FF59C8D2B84FC800031C580 /* AuthenticationManager.swift */; };
		1FF59C902B84FCD80031C580 /* FirebaseAuthUIView.swift in Sources */ = {isa = PBXBuildFile; fileRef = 1FF59C8F2B84FCD80031C580 /* FirebaseAuthUIView.swift */; };
		1FF59C952B8507E70031C580 /* FirebaseAnonymousAuthUI in Frameworks */ = {isa = PBXBuildFile; productRef = 1FF59C942B8507E70031C580 /* FirebaseAnonymousAuthUI */; };
		1FF59C972B8507E70031C580 /* FirebaseAuthUI in Frameworks */ = {isa = PBXBuildFile; productRef = 1FF59C962B8507E70031C580 /* FirebaseAuthUI */; };
		1FF59C992B8507E70031C580 /* FirebaseDatabaseUI in Frameworks */ = {isa = PBXBuildFile; productRef = 1FF59C982B8507E70031C580 /* FirebaseDatabaseUI */; };
		1FF59C9B2B8507E70031C580 /* FirebaseEmailAuthUI in Frameworks */ = {isa = PBXBuildFile; productRef = 1FF59C9A2B8507E70031C580 /* FirebaseEmailAuthUI */; };
		1FF59C9D2B8507E70031C580 /* FirebaseFacebookAuthUI in Frameworks */ = {isa = PBXBuildFile; productRef = 1FF59C9C2B8507E70031C580 /* FirebaseFacebookAuthUI */; };
		1FF59C9F2B8507E70031C580 /* FirebaseFirestoreUI in Frameworks */ = {isa = PBXBuildFile; productRef = 1FF59C9E2B8507E70031C580 /* FirebaseFirestoreUI */; };
		1FF59CA12B8507E70031C580 /* FirebaseGoogleAuthUI in Frameworks */ = {isa = PBXBuildFile; productRef = 1FF59CA02B8507E70031C580 /* FirebaseGoogleAuthUI */; };
		1FF59CA32B8507E70031C580 /* FirebaseOAuthUI in Frameworks */ = {isa = PBXBuildFile; productRef = 1FF59CA22B8507E70031C580 /* FirebaseOAuthUI */; };
		1FF59CA52B8507E70031C580 /* FirebasePhoneAuthUI in Frameworks */ = {isa = PBXBuildFile; productRef = 1FF59CA42B8507E70031C580 /* FirebasePhoneAuthUI */; };
		1FF59CA72B8507E70031C580 /* FirebaseStorageUI in Frameworks */ = {isa = PBXBuildFile; productRef = 1FF59CA62B8507E70031C580 /* FirebaseStorageUI */; };
		1FF59CAA2B8656350031C580 /* GoogleService-Info.plist in Resources */ = {isa = PBXBuildFile; fileRef = 1FF59CA92B8656350031C580 /* GoogleService-Info.plist */; };
		1FF59CAF2B86667F0031C580 /* MessageElement.swift in Sources */ = {isa = PBXBuildFile; fileRef = 1FF59CAE2B86667F0031C580 /* MessageElement.swift */; };
		1FF59CB12B8667860031C580 /* MessageViewModel.swift in Sources */ = {isa = PBXBuildFile; fileRef = 1FF59CB02B8667860031C580 /* MessageViewModel.swift */; };
		1FF59CB42B8670570031C580 /* MessageRowView.swift in Sources */ = {isa = PBXBuildFile; fileRef = 1FF59CB32B8670570031C580 /* MessageRowView.swift */; };
		1FF59CB72B89077E0031C580 /* MessageView.swift in Sources */ = {isa = PBXBuildFile; fileRef = 1FF59CB62B89077E0031C580 /* MessageView.swift */; };
		1FF59CB92B890E490031C580 /* RegistrationView.swift in Sources */ = {isa = PBXBuildFile; fileRef = 1FF59CB82B890E490031C580 /* RegistrationView.swift */; };
		1FF59CBB2B89B1860031C580 /* HomeView.swift in Sources */ = {isa = PBXBuildFile; fileRef = 1FF59CBA2B89B1860031C580 /* HomeView.swift */; };
		1FF59CBD2B89BB9A0031C580 /* ProfileElement.swift in Sources */ = {isa = PBXBuildFile; fileRef = 1FF59CBC2B89BB9A0031C580 /* ProfileElement.swift */; };
		1FF59CBF2B89BE600031C580 /* RegistrationViewModel.swift in Sources */ = {isa = PBXBuildFile; fileRef = 1FF59CBE2B89BE600031C580 /* RegistrationViewModel.swift */; };
		1FFB98982BA75A49007CDFAC /* AccountStopView.swift in Sources */ = {isa = PBXBuildFile; fileRef = 1FFB98972BA75A49007CDFAC /* AccountStopView.swift */; };
		1FFB989A2BA76001007CDFAC /* NGWordList.csv in Resources */ = {isa = PBXBuildFile; fileRef = 1FFB98992BA76001007CDFAC /* NGWordList.csv */; };
		1FFB989C2BA763F8007CDFAC /* LoadFileDataModel.swift in Sources */ = {isa = PBXBuildFile; fileRef = 1FFB989B2BA763F8007CDFAC /* LoadFileDataModel.swift */; };
/* End PBXBuildFile section */

/* Begin PBXFileReference section */
		1F1252762B9F35FE0040E32F /* MyProfileElement+.swift */ = {isa = PBXFileReference; lastKnownFileType = sourcecode.swift; path = "MyProfileElement+.swift"; sourceTree = "<group>"; };
		1F12527A2BA08B6F0040E32F /* Date+.swift */ = {isa = PBXFileReference; lastKnownFileType = sourcecode.swift; path = "Date+.swift"; sourceTree = "<group>"; };
		1F12527C2BA097860040E32F /* SwipeFriendElement.swift */ = {isa = PBXFileReference; lastKnownFileType = sourcecode.swift; path = SwipeFriendElement.swift; sourceTree = "<group>"; };
		1F12527E2BA0CD280040E32F /* ProfileElement+.swift */ = {isa = PBXFileReference; lastKnownFileType = sourcecode.swift; path = "ProfileElement+.swift"; sourceTree = "<group>"; };
		1F1B3CA82B9C2997001F356E /* SwiftDataModel.swift */ = {isa = PBXFileReference; lastKnownFileType = sourcecode.swift; path = SwiftDataModel.swift; sourceTree = "<group>"; };
		1F1B3CAA2B9C4A12001F356E /* UserDefaultsDataModel.swift */ = {isa = PBXFileReference; lastKnownFileType = sourcecode.swift; path = UserDefaultsDataModel.swift; sourceTree = "<group>"; };
		1F1B3CAC2B9CB8BD001F356E /* FriendTalkElement.swift */ = {isa = PBXFileReference; lastKnownFileType = sourcecode.swift; path = FriendTalkElement.swift; sourceTree = "<group>"; };
		1F1DFD7B2BA5E0DD002366DF /* SettingView.swift */ = {isa = PBXFileReference; lastKnownFileType = sourcecode.swift; path = SettingView.swift; sourceTree = "<group>"; };
		1F1DFD7F2BA5E95C002366DF /* PrivacyView.swift */ = {isa = PBXFileReference; lastKnownFileType = sourcecode.swift; path = PrivacyView.swift; sourceTree = "<group>"; };
		1F1DFD812BA5FA0E002366DF /* ServiceView.swift */ = {isa = PBXFileReference; lastKnownFileType = sourcecode.swift; path = ServiceView.swift; sourceTree = "<group>"; };
		1F1DFD832BA5FCA4002366DF /* SafariView.swift */ = {isa = PBXFileReference; lastKnownFileType = sourcecode.swift; path = SafariView.swift; sourceTree = "<group>"; };
		1F1DFD852BA5FDCB002366DF /* FormView.swift */ = {isa = PBXFileReference; lastKnownFileType = sourcecode.swift; path = FormView.swift; sourceTree = "<group>"; };
		1F1DFD872BA6CABC002366DF /* serviceDescription.txt */ = {isa = PBXFileReference; fileEncoding = 4; lastKnownFileType = text; path = serviceDescription.txt; sourceTree = "<group>"; };
		1F1DFD882BA6CABD002366DF /* deleteDescription.txt */ = {isa = PBXFileReference; fileEncoding = 4; lastKnownFileType = text; path = deleteDescription.txt; sourceTree = "<group>"; };
		1F1DFD892BA6CABD002366DF /* privacyDescription.txt */ = {isa = PBXFileReference; fileEncoding = 4; lastKnownFileType = text; path = privacyDescription.txt; sourceTree = "<group>"; };
		1F1DFD8F2BA6CEAD002366DF /* DeleteAccountView.swift */ = {isa = PBXFileReference; lastKnownFileType = sourcecode.swift; path = DeleteAccountView.swift; sourceTree = "<group>"; };
		1F1FEB2E2B92BF5600F8AEA3 /* AddressEntryView.swift */ = {isa = PBXFileReference; lastKnownFileType = sourcecode.swift; path = AddressEntryView.swift; sourceTree = "<group>"; };
		1F1FEB312B92C2DA00F8AEA3 /* Prefectures.swift */ = {isa = PBXFileReference; lastKnownFileType = sourcecode.swift; path = Prefectures.swift; sourceTree = "<group>"; };
		1F1FEB332B92DAE200F8AEA3 /* GenderEntryView.swift */ = {isa = PBXFileReference; lastKnownFileType = sourcecode.swift; path = GenderEntryView.swift; sourceTree = "<group>"; };
		1F1FEB352B92E31B00F8AEA3 /* ProfileImageEntryView.swift */ = {isa = PBXFileReference; lastKnownFileType = sourcecode.swift; path = ProfileImageEntryView.swift; sourceTree = "<group>"; };
		1F1FEB372B9322DD00F8AEA3 /* HomeImageEntryView.swift */ = {isa = PBXFileReference; lastKnownFileType = sourcecode.swift; path = HomeImageEntryView.swift; sourceTree = "<group>"; };
		1F1FEB3A2B93716E00F8AEA3 /* SwipeViewModel.swift */ = {isa = PBXFileReference; lastKnownFileType = sourcecode.swift; path = SwipeViewModel.swift; sourceTree = "<group>"; };
		1F1FEB3E2B9481C100F8AEA3 /* DataImage.swift */ = {isa = PBXFileReference; lastKnownFileType = sourcecode.swift; path = DataImage.swift; sourceTree = "<group>"; };
		1F1FEB412B94929900F8AEA3 /* FriendsElement.swift */ = {isa = PBXFileReference; lastKnownFileType = sourcecode.swift; path = FriendsElement.swift; sourceTree = "<group>"; };
		1F2F1FC22B90AE1200A9615D /* SwipeCardView.swift */ = {isa = PBXFileReference; lastKnownFileType = sourcecode.swift; name = SwipeCardView.swift; path = Bloom/View/SwipeCardView.swift; sourceTree = SOURCE_ROOT; };
		1F2F1FC42B90AE2800A9615D /* SwipeView.swift */ = {isa = PBXFileReference; lastKnownFileType = sourcecode.swift; name = SwipeView.swift; path = Bloom/View/SwipeView.swift; sourceTree = SOURCE_ROOT; };
		1F2F1FC82B90BC5300A9615D /* NameEntryView.swift */ = {isa = PBXFileReference; lastKnownFileType = sourcecode.swift; path = NameEntryView.swift; sourceTree = "<group>"; };
		1F2F1FCA2B90C62A00A9615D /* ExplanationText.swift */ = {isa = PBXFileReference; lastKnownFileType = sourcecode.swift; path = ExplanationText.swift; sourceTree = "<group>"; };
		1F2F1FD02B90DB7900A9615D /* BirthEntryView.swift */ = {isa = PBXFileReference; lastKnownFileType = sourcecode.swift; path = BirthEntryView.swift; sourceTree = "<group>"; };
		1F2F1FD22B90F1FA00A9615D /* String+.swift */ = {isa = PBXFileReference; lastKnownFileType = sourcecode.swift; path = "String+.swift"; sourceTree = "<group>"; };
		1F4822FE2B98C63300098AAE /* LikedCardView.swift */ = {isa = PBXFileReference; lastKnownFileType = sourcecode.swift; path = LikedCardView.swift; sourceTree = "<group>"; };
		1F4823002B98C7E300098AAE /* LikedView.swift */ = {isa = PBXFileReference; lastKnownFileType = sourcecode.swift; path = LikedView.swift; sourceTree = "<group>"; };
		1F4823022B99803D00098AAE /* MyPageView.swift */ = {isa = PBXFileReference; lastKnownFileType = sourcecode.swift; path = MyPageView.swift; sourceTree = "<group>"; };
		1F4823072B9A27D500098AAE /* MyPageViewModel.swift */ = {isa = PBXFileReference; lastKnownFileType = sourcecode.swift; path = MyPageViewModel.swift; sourceTree = "<group>"; };
		1F4823092B9AE38000098AAE /* ProfileImageEditView.swift */ = {isa = PBXFileReference; lastKnownFileType = sourcecode.swift; path = ProfileImageEditView.swift; sourceTree = "<group>"; };
		1F48230B2B9B09C500098AAE /* IntroductionEditView.swift */ = {isa = PBXFileReference; lastKnownFileType = sourcecode.swift; path = IntroductionEditView.swift; sourceTree = "<group>"; };
		1F48230D2B9B250E00098AAE /* AddressEditView.swift */ = {isa = PBXFileReference; lastKnownFileType = sourcecode.swift; path = AddressEditView.swift; sourceTree = "<group>"; };
		1F48230F2B9B278E00098AAE /* BirthEditView.swift */ = {isa = PBXFileReference; lastKnownFileType = sourcecode.swift; path = BirthEditView.swift; sourceTree = "<group>"; };
		1F54CFDF2B95DD610084D766 /* SignInView.swift */ = {isa = PBXFileReference; lastKnownFileType = sourcecode.swift; path = SignInView.swift; sourceTree = "<group>"; };
		1F78BDA02B9B7B8C00E2FE66 /* FriendPreviewView.swift */ = {isa = PBXFileReference; lastKnownFileType = sourcecode.swift; path = FriendPreviewView.swift; sourceTree = "<group>"; };
		1F9C2DD32B8DD3D500994981 /* FriendListViewModel.swift */ = {isa = PBXFileReference; lastKnownFileType = sourcecode.swift; path = FriendListViewModel.swift; sourceTree = "<group>"; };
		1F9C2DD52B8DE54400994981 /* MessageCountElement.swift */ = {isa = PBXFileReference; lastKnownFileType = sourcecode.swift; path = MessageCountElement.swift; sourceTree = "<group>"; };
		1F9C2DD92B8DFE7A00994981 /* FriendListRowView.swift */ = {isa = PBXFileReference; lastKnownFileType = sourcecode.swift; path = FriendListRowView.swift; sourceTree = "<group>"; };
		1FEF28442B8A149900EAFB3E /* UserDataModel.swift */ = {isa = PBXFileReference; lastKnownFileType = sourcecode.swift; path = UserDataModel.swift; sourceTree = "<group>"; };
		1FEF28462B8A217100EAFB3E /* FriendListView.swift */ = {isa = PBXFileReference; lastKnownFileType = sourcecode.swift; path = FriendListView.swift; sourceTree = "<group>"; };
		1FEF28482B8A27F500EAFB3E /* MockData.swift */ = {isa = PBXFileReference; lastKnownFileType = sourcecode.swift; path = MockData.swift; sourceTree = "<group>"; };
		1FEF284A2B8B0DCD00EAFB3E /* AccountStatus.swift */ = {isa = PBXFileReference; lastKnownFileType = sourcecode.swift; path = AccountStatus.swift; sourceTree = "<group>"; };
		1FEF284C2B8B197600EAFB3E /* ChatDataModel.swift */ = {isa = PBXFileReference; lastKnownFileType = sourcecode.swift; path = ChatDataModel.swift; sourceTree = "<group>"; };
		1FF59C612B84CEEB0031C580 /* Bloom.app */ = {isa = PBXFileReference; explicitFileType = wrapper.application; includeInIndex = 0; path = Bloom.app; sourceTree = BUILT_PRODUCTS_DIR; };
		1FF59C642B84CEEB0031C580 /* BloomApp.swift */ = {isa = PBXFileReference; lastKnownFileType = sourcecode.swift; path = BloomApp.swift; sourceTree = "<group>"; };
		1FF59C662B84CEEB0031C580 /* ContentView.swift */ = {isa = PBXFileReference; lastKnownFileType = sourcecode.swift; path = ContentView.swift; sourceTree = "<group>"; };
		1FF59C682B84CEEC0031C580 /* Assets.xcassets */ = {isa = PBXFileReference; lastKnownFileType = folder.assetcatalog; path = Assets.xcassets; sourceTree = "<group>"; };
		1FF59C6A2B84CEEC0031C580 /* Bloom.entitlements */ = {isa = PBXFileReference; lastKnownFileType = text.plist.entitlements; path = Bloom.entitlements; sourceTree = "<group>"; };
		1FF59C6C2B84CEEC0031C580 /* Preview Assets.xcassets */ = {isa = PBXFileReference; lastKnownFileType = folder.assetcatalog; path = "Preview Assets.xcassets"; sourceTree = "<group>"; };
		1FF59C8D2B84FC800031C580 /* AuthenticationManager.swift */ = {isa = PBXFileReference; lastKnownFileType = sourcecode.swift; path = AuthenticationManager.swift; sourceTree = "<group>"; };
		1FF59C8F2B84FCD80031C580 /* FirebaseAuthUIView.swift */ = {isa = PBXFileReference; lastKnownFileType = sourcecode.swift; path = FirebaseAuthUIView.swift; sourceTree = "<group>"; };
		1FF59CA82B850D3C0031C580 /* Info.plist */ = {isa = PBXFileReference; lastKnownFileType = text.plist; path = Info.plist; sourceTree = "<group>"; };
		1FF59CA92B8656350031C580 /* GoogleService-Info.plist */ = {isa = PBXFileReference; fileEncoding = 4; lastKnownFileType = text.plist.xml; path = "GoogleService-Info.plist"; sourceTree = "<group>"; };
		1FF59CAE2B86667F0031C580 /* MessageElement.swift */ = {isa = PBXFileReference; lastKnownFileType = sourcecode.swift; path = MessageElement.swift; sourceTree = "<group>"; };
		1FF59CB02B8667860031C580 /* MessageViewModel.swift */ = {isa = PBXFileReference; lastKnownFileType = sourcecode.swift; path = MessageViewModel.swift; sourceTree = "<group>"; };
		1FF59CB32B8670570031C580 /* MessageRowView.swift */ = {isa = PBXFileReference; lastKnownFileType = sourcecode.swift; path = MessageRowView.swift; sourceTree = "<group>"; };
		1FF59CB62B89077E0031C580 /* MessageView.swift */ = {isa = PBXFileReference; lastKnownFileType = sourcecode.swift; path = MessageView.swift; sourceTree = "<group>"; };
		1FF59CB82B890E490031C580 /* RegistrationView.swift */ = {isa = PBXFileReference; lastKnownFileType = sourcecode.swift; path = RegistrationView.swift; sourceTree = "<group>"; };
		1FF59CBA2B89B1860031C580 /* HomeView.swift */ = {isa = PBXFileReference; lastKnownFileType = sourcecode.swift; path = HomeView.swift; sourceTree = "<group>"; };
		1FF59CBC2B89BB9A0031C580 /* ProfileElement.swift */ = {isa = PBXFileReference; lastKnownFileType = sourcecode.swift; path = ProfileElement.swift; sourceTree = "<group>"; };
		1FF59CBE2B89BE600031C580 /* RegistrationViewModel.swift */ = {isa = PBXFileReference; lastKnownFileType = sourcecode.swift; path = RegistrationViewModel.swift; sourceTree = "<group>"; };
		1FFB98972BA75A49007CDFAC /* AccountStopView.swift */ = {isa = PBXFileReference; lastKnownFileType = sourcecode.swift; path = AccountStopView.swift; sourceTree = "<group>"; };
		1FFB98992BA76001007CDFAC /* NGWordList.csv */ = {isa = PBXFileReference; lastKnownFileType = text; path = NGWordList.csv; sourceTree = "<group>"; };
		1FFB989B2BA763F8007CDFAC /* LoadFileDataModel.swift */ = {isa = PBXFileReference; lastKnownFileType = sourcecode.swift; path = LoadFileDataModel.swift; sourceTree = "<group>"; };
/* End PBXFileReference section */

/* Begin PBXFrameworksBuildPhase section */
		1FF59C5E2B84CEEB0031C580 /* Frameworks */ = {
			isa = PBXFrameworksBuildPhase;
			buildActionMask = 2147483647;
			files = (
				1FF59C7D2B84E64C0031C580 /* FirebaseAnalyticsSwift in Frameworks */,
				1FF59C972B8507E70031C580 /* FirebaseAuthUI in Frameworks */,
				1FF59CA12B8507E70031C580 /* FirebaseGoogleAuthUI in Frameworks */,
				1FF59C792B84E64B0031C580 /* FirebaseAnalytics in Frameworks */,
				1FF59CA52B8507E70031C580 /* FirebasePhoneAuthUI in Frameworks */,
				1FF59C9F2B8507E70031C580 /* FirebaseFirestoreUI in Frameworks */,
				1FF59C9D2B8507E70031C580 /* FirebaseFacebookAuthUI in Frameworks */,
				1FF59C7B2B84E64C0031C580 /* FirebaseAnalyticsOnDeviceConversion in Frameworks */,
				1FF59CA72B8507E70031C580 /* FirebaseStorageUI in Frameworks */,
				1FF59C952B8507E70031C580 /* FirebaseAnonymousAuthUI in Frameworks */,
				1FF59C812B84E64C0031C580 /* FirebaseAppCheck in Frameworks */,
				1FF59C9B2B8507E70031C580 /* FirebaseEmailAuthUI in Frameworks */,
				1FF59CA32B8507E70031C580 /* FirebaseOAuthUI in Frameworks */,
				1FF59C992B8507E70031C580 /* FirebaseDatabaseUI in Frameworks */,
				1FF59C7F2B84E64C0031C580 /* FirebaseAnalyticsWithoutAdIdSupport in Frameworks */,
			);
			runOnlyForDeploymentPostprocessing = 0;
		};
/* End PBXFrameworksBuildPhase section */

/* Begin PBXGroup section */
		1F1DFD7E2BA5E931002366DF /* SettingViews */ = {
			isa = PBXGroup;
			children = (
				1F1DFD7F2BA5E95C002366DF /* PrivacyView.swift */,
				1F1DFD812BA5FA0E002366DF /* ServiceView.swift */,
				1F1DFD852BA5FDCB002366DF /* FormView.swift */,
				1F1DFD8F2BA6CEAD002366DF /* DeleteAccountView.swift */,
			);
			path = SettingViews;
			sourceTree = "<group>";
		};
		1F1FEB302B92C1F400F8AEA3 /* Data */ = {
			isa = PBXGroup;
			children = (
				1F1DFD882BA6CABD002366DF /* deleteDescription.txt */,
				1F1DFD892BA6CABD002366DF /* privacyDescription.txt */,
				1F1DFD872BA6CABC002366DF /* serviceDescription.txt */,
				1F2F1FCA2B90C62A00A9615D /* ExplanationText.swift */,
				1F1FEB312B92C2DA00F8AEA3 /* Prefectures.swift */,
				1FFB98992BA76001007CDFAC /* NGWordList.csv */,
			);
			path = Data;
			sourceTree = "<group>";
		};
		1F1FEB392B93710C00F8AEA3 /* SwipeViewModel */ = {
			isa = PBXGroup;
			children = (
				1F1FEB3A2B93716E00F8AEA3 /* SwipeViewModel.swift */,
			);
			path = SwipeViewModel;
			sourceTree = "<group>";
		};
		1F1FEB3C2B93732600F8AEA3 /* MyPageView */ = {
			isa = PBXGroup;
			children = (
				1F4823022B99803D00098AAE /* MyPageView.swift */,
				1F48230D2B9B250E00098AAE /* AddressEditView.swift */,
				1F48230F2B9B278E00098AAE /* BirthEditView.swift */,
				1F48230B2B9B09C500098AAE /* IntroductionEditView.swift */,
				1F4823092B9AE38000098AAE /* ProfileImageEditView.swift */,
				1F1DFD7B2BA5E0DD002366DF /* SettingView.swift */,
				1F1DFD7E2BA5E931002366DF /* SettingViews */,
			);
			path = MyPageView;
			sourceTree = "<group>";
		};
		1F1FEB3D2B94810A00F8AEA3 /* Views */ = {
			isa = PBXGroup;
			children = (
				1F1FEB3E2B9481C100F8AEA3 /* DataImage.swift */,
				1F1DFD832BA5FCA4002366DF /* SafariView.swift */,
				1FFB98972BA75A49007CDFAC /* AccountStopView.swift */,
			);
			path = Views;
			sourceTree = "<group>";
		};
		1F1FEB402B94921F00F8AEA3 /* Elements */ = {
			isa = PBXGroup;
			children = (
				1FF59CBC2B89BB9A0031C580 /* ProfileElement.swift */,
				1FF59CAE2B86667F0031C580 /* MessageElement.swift */,
				1F9C2DD52B8DE54400994981 /* MessageCountElement.swift */,
				1F1FEB412B94929900F8AEA3 /* FriendsElement.swift */,
				1FEF284A2B8B0DCD00EAFB3E /* AccountStatus.swift */,
				1F1B3CAC2B9CB8BD001F356E /* FriendTalkElement.swift */,
				1F12527C2BA097860040E32F /* SwipeFriendElement.swift */,
			);
			path = Elements;
			sourceTree = "<group>";
		};
		1F2F1FBA2B8F264A00A9615D /* TalkViewModel */ = {
			isa = PBXGroup;
			children = (
				1F9C2DD32B8DD3D500994981 /* FriendListViewModel.swift */,
				1FF59CB02B8667860031C580 /* MessageViewModel.swift */,
			);
			path = TalkViewModel;
			sourceTree = "<group>";
		};
		1F2F1FBB2B8F276800A9615D /* SwipeView */ = {
			isa = PBXGroup;
			children = (
				1F2F1FC42B90AE2800A9615D /* SwipeView.swift */,
				1F2F1FC22B90AE1200A9615D /* SwipeCardView.swift */,
			);
			path = SwipeView;
			sourceTree = "<group>";
		};
		1F2F1FC72B90BB0500A9615D /* RegistrationView */ = {
			isa = PBXGroup;
			children = (
				1FF59CB82B890E490031C580 /* RegistrationView.swift */,
				1F54CFDF2B95DD610084D766 /* SignInView.swift */,
				1F2F1FC82B90BC5300A9615D /* NameEntryView.swift */,
				1F2F1FD02B90DB7900A9615D /* BirthEntryView.swift */,
				1F1FEB332B92DAE200F8AEA3 /* GenderEntryView.swift */,
				1F1FEB2E2B92BF5600F8AEA3 /* AddressEntryView.swift */,
				1F1FEB352B92E31B00F8AEA3 /* ProfileImageEntryView.swift */,
				1F1FEB372B9322DD00F8AEA3 /* HomeImageEntryView.swift */,
			);
			path = RegistrationView;
			sourceTree = "<group>";
		};
		1F2F1FCC2B90C72700A9615D /* RegistrationViewModel */ = {
			isa = PBXGroup;
			children = (
				1FF59CBE2B89BE600031C580 /* RegistrationViewModel.swift */,
			);
			path = RegistrationViewModel;
			sourceTree = "<group>";
		};
		1F4822FD2B98C61300098AAE /* LikedView */ = {
			isa = PBXGroup;
			children = (
				1F4823002B98C7E300098AAE /* LikedView.swift */,
				1F4822FE2B98C63300098AAE /* LikedCardView.swift */,
			);
			path = LikedView;
			sourceTree = "<group>";
		};
		1F4823062B9A27A200098AAE /* MyPageViewModel */ = {
			isa = PBXGroup;
			children = (
				1F4823072B9A27D500098AAE /* MyPageViewModel.swift */,
			);
			path = MyPageViewModel;
			sourceTree = "<group>";
		};
		1FF59C582B84CEEB0031C580 = {
			isa = PBXGroup;
			children = (
				1FF59C632B84CEEB0031C580 /* Bloom */,
				1FF59C622B84CEEB0031C580 /* Products */,
			);
			sourceTree = "<group>";
		};
		1FF59C622B84CEEB0031C580 /* Products */ = {
			isa = PBXGroup;
			children = (
				1FF59C612B84CEEB0031C580 /* Bloom.app */,
			);
			name = Products;
			sourceTree = "<group>";
		};
		1FF59C632B84CEEB0031C580 /* Bloom */ = {
			isa = PBXGroup;
			children = (
				1FF59CA82B850D3C0031C580 /* Info.plist */,
				1FF59C642B84CEEB0031C580 /* BloomApp.swift */,
				1FF59CAB2B8660260031C580 /* View */,
				1FF59CAC2B86602E0031C580 /* ViewModel */,
				1FF59CAD2B86603D0031C580 /* Model */,
				1F1FEB302B92C1F400F8AEA3 /* Data */,
				1FF59CB52B8901A20031C580 /* Extentions */,
				1FF59C682B84CEEC0031C580 /* Assets.xcassets */,
				1FF59C6A2B84CEEC0031C580 /* Bloom.entitlements */,
				1FF59CA92B8656350031C580 /* GoogleService-Info.plist */,
				1FF59C6B2B84CEEC0031C580 /* Preview Content */,
			);
			path = Bloom;
			sourceTree = "<group>";
		};
		1FF59C6B2B84CEEC0031C580 /* Preview Content */ = {
			isa = PBXGroup;
			children = (
				1FF59C6C2B84CEEC0031C580 /* Preview Assets.xcassets */,
			);
			path = "Preview Content";
			sourceTree = "<group>";
		};
		1FF59CAB2B8660260031C580 /* View */ = {
			isa = PBXGroup;
			children = (
				1FF59C662B84CEEB0031C580 /* ContentView.swift */,
				1FF59C8F2B84FCD80031C580 /* FirebaseAuthUIView.swift */,
				1FF59CBA2B89B1860031C580 /* HomeView.swift */,
				1F2F1FC72B90BB0500A9615D /* RegistrationView */,
				1F2F1FBB2B8F276800A9615D /* SwipeView */,
				1F4822FD2B98C61300098AAE /* LikedView */,
				1FF59CB22B866D8D0031C580 /* TalkView */,
				1F1FEB3C2B93732600F8AEA3 /* MyPageView */,
				1F1FEB3D2B94810A00F8AEA3 /* Views */,
			);
			path = View;
			sourceTree = "<group>";
		};
		1FF59CAC2B86602E0031C580 /* ViewModel */ = {
			isa = PBXGroup;
			children = (
				1F2F1FCC2B90C72700A9615D /* RegistrationViewModel */,
				1F1FEB392B93710C00F8AEA3 /* SwipeViewModel */,
				1F2F1FBA2B8F264A00A9615D /* TalkViewModel */,
				1F4823062B9A27A200098AAE /* MyPageViewModel */,
			);
			path = ViewModel;
			sourceTree = "<group>";
		};
		1FF59CAD2B86603D0031C580 /* Model */ = {
			isa = PBXGroup;
			children = (
				1F1FEB402B94921F00F8AEA3 /* Elements */,
				1FF59C8D2B84FC800031C580 /* AuthenticationManager.swift */,
				1FEF28442B8A149900EAFB3E /* UserDataModel.swift */,
				1FEF284C2B8B197600EAFB3E /* ChatDataModel.swift */,
				1FEF28482B8A27F500EAFB3E /* MockData.swift */,
				1F1B3CA82B9C2997001F356E /* SwiftDataModel.swift */,
				1F1B3CAA2B9C4A12001F356E /* UserDefaultsDataModel.swift */,
				1FFB989B2BA763F8007CDFAC /* LoadFileDataModel.swift */,
			);
			path = Model;
			sourceTree = "<group>";
		};
		1FF59CB22B866D8D0031C580 /* TalkView */ = {
			isa = PBXGroup;
			children = (
				1FEF28462B8A217100EAFB3E /* FriendListView.swift */,
				1F9C2DD92B8DFE7A00994981 /* FriendListRowView.swift */,
				1FF59CB62B89077E0031C580 /* MessageView.swift */,
				1F78BDA02B9B7B8C00E2FE66 /* FriendPreviewView.swift */,
				1FF59CB32B8670570031C580 /* MessageRowView.swift */,
			);
			path = TalkView;
			sourceTree = "<group>";
		};
		1FF59CB52B8901A20031C580 /* Extentions */ = {
			isa = PBXGroup;
			children = (
				1F2F1FD22B90F1FA00A9615D /* String+.swift */,
				1F12527A2BA08B6F0040E32F /* Date+.swift */,
				1F1252762B9F35FE0040E32F /* MyProfileElement+.swift */,
				1F12527E2BA0CD280040E32F /* ProfileElement+.swift */,
			);
			path = Extentions;
			sourceTree = "<group>";
		};
/* End PBXGroup section */

/* Begin PBXNativeTarget section */
		1FF59C602B84CEEB0031C580 /* Bloom */ = {
			isa = PBXNativeTarget;
			buildConfigurationList = 1FF59C702B84CEEC0031C580 /* Build configuration list for PBXNativeTarget "Bloom" */;
			buildPhases = (
				1FF59C5D2B84CEEB0031C580 /* Sources */,
				1FF59C5E2B84CEEB0031C580 /* Frameworks */,
				1FF59C5F2B84CEEB0031C580 /* Resources */,
			);
			buildRules = (
			);
			dependencies = (
			);
			name = Bloom;
			packageProductDependencies = (
				1FF59C782B84E64B0031C580 /* FirebaseAnalytics */,
				1FF59C7A2B84E64C0031C580 /* FirebaseAnalyticsOnDeviceConversion */,
				1FF59C7C2B84E64C0031C580 /* FirebaseAnalyticsSwift */,
				1FF59C7E2B84E64C0031C580 /* FirebaseAnalyticsWithoutAdIdSupport */,
				1FF59C802B84E64C0031C580 /* FirebaseAppCheck */,
				1FF59C942B8507E70031C580 /* FirebaseAnonymousAuthUI */,
				1FF59C962B8507E70031C580 /* FirebaseAuthUI */,
				1FF59C982B8507E70031C580 /* FirebaseDatabaseUI */,
				1FF59C9A2B8507E70031C580 /* FirebaseEmailAuthUI */,
				1FF59C9C2B8507E70031C580 /* FirebaseFacebookAuthUI */,
				1FF59C9E2B8507E70031C580 /* FirebaseFirestoreUI */,
				1FF59CA02B8507E70031C580 /* FirebaseGoogleAuthUI */,
				1FF59CA22B8507E70031C580 /* FirebaseOAuthUI */,
				1FF59CA42B8507E70031C580 /* FirebasePhoneAuthUI */,
				1FF59CA62B8507E70031C580 /* FirebaseStorageUI */,
			);
			productName = Bloom;
			productReference = 1FF59C612B84CEEB0031C580 /* Bloom.app */;
			productType = "com.apple.product-type.application";
		};
/* End PBXNativeTarget section */

/* Begin PBXProject section */
		1FF59C592B84CEEB0031C580 /* Project object */ = {
			isa = PBXProject;
			attributes = {
				BuildIndependentTargetsInParallel = 1;
				LastSwiftUpdateCheck = 1500;
				LastUpgradeCheck = 1500;
				TargetAttributes = {
					1FF59C602B84CEEB0031C580 = {
						CreatedOnToolsVersion = 15.0.1;
					};
				};
			};
			buildConfigurationList = 1FF59C5C2B84CEEB0031C580 /* Build configuration list for PBXProject "Bloom" */;
			compatibilityVersion = "Xcode 14.0";
			developmentRegion = en;
			hasScannedForEncodings = 0;
			knownRegions = (
				en,
				Base,
			);
			mainGroup = 1FF59C582B84CEEB0031C580;
			packageReferences = (
				1FF59C772B84E64B0031C580 /* XCRemoteSwiftPackageReference "firebase-ios-sdk" */,
				1FF59C932B8507E60031C580 /* XCRemoteSwiftPackageReference "FirebaseUI-iOS" */,
			);
			productRefGroup = 1FF59C622B84CEEB0031C580 /* Products */;
			projectDirPath = "";
			projectRoot = "";
			targets = (
				1FF59C602B84CEEB0031C580 /* Bloom */,
			);
		};
/* End PBXProject section */

/* Begin PBXResourcesBuildPhase section */
		1FF59C5F2B84CEEB0031C580 /* Resources */ = {
			isa = PBXResourcesBuildPhase;
			buildActionMask = 2147483647;
			files = (
				1FF59C6D2B84CEEC0031C580 /* Preview Assets.xcassets in Resources */,
				1F1DFD8A2BA6CABE002366DF /* serviceDescription.txt in Resources */,
				1F1DFD8C2BA6CABE002366DF /* privacyDescription.txt in Resources */,
				1FF59CAA2B8656350031C580 /* GoogleService-Info.plist in Resources */,
				1FF59C692B84CEEC0031C580 /* Assets.xcassets in Resources */,
				1F1DFD8B2BA6CABE002366DF /* deleteDescription.txt in Resources */,
				1FFB989A2BA76001007CDFAC /* NGWordList.csv in Resources */,
			);
			runOnlyForDeploymentPostprocessing = 0;
		};
/* End PBXResourcesBuildPhase section */

/* Begin PBXSourcesBuildPhase section */
		1FF59C5D2B84CEEB0031C580 /* Sources */ = {
			isa = PBXSourcesBuildPhase;
			buildActionMask = 2147483647;
			files = (
				1F12527B2BA08B6F0040E32F /* Date+.swift in Sources */,
				1FEF28472B8A217100EAFB3E /* FriendListView.swift in Sources */,
				1F4823032B99803D00098AAE /* MyPageView.swift in Sources */,
				1FF59C8E2B84FC800031C580 /* AuthenticationManager.swift in Sources */,
				1FF59CBF2B89BE600031C580 /* RegistrationViewModel.swift in Sources */,
				1F12527F2BA0CD280040E32F /* ProfileElement+.swift in Sources */,
				1FF59CAF2B86667F0031C580 /* MessageElement.swift in Sources */,
				1F2F1FC92B90BC5300A9615D /* NameEntryView.swift in Sources */,
				1F9C2DDA2B8DFE7A00994981 /* FriendListRowView.swift in Sources */,
				1F9C2DD62B8DE54400994981 /* MessageCountElement.swift in Sources */,
				1F1FEB422B94929900F8AEA3 /* FriendsElement.swift in Sources */,
				1F9C2DD42B8DD3D500994981 /* FriendListViewModel.swift in Sources */,
				1FEF28492B8A27F500EAFB3E /* MockData.swift in Sources */,
				1F1B3CA92B9C2997001F356E /* SwiftDataModel.swift in Sources */,
				1F4823012B98C7E300098AAE /* LikedView.swift in Sources */,
				1F1FEB362B92E31B00F8AEA3 /* ProfileImageEntryView.swift in Sources */,
				1F1DFD862BA5FDCB002366DF /* FormView.swift in Sources */,
				1F1252772B9F35FE0040E32F /* MyProfileElement+.swift in Sources */,
				1FF59C672B84CEEB0031C580 /* ContentView.swift in Sources */,
				1F1FEB2F2B92BF5600F8AEA3 /* AddressEntryView.swift in Sources */,
				1F1FEB382B9322DD00F8AEA3 /* HomeImageEntryView.swift in Sources */,
				1F48230A2B9AE38000098AAE /* ProfileImageEditView.swift in Sources */,
				1F1DFD7C2BA5E0DD002366DF /* SettingView.swift in Sources */,
				1F2F1FD32B90F1FA00A9615D /* String+.swift in Sources */,
				1F12527D2BA097860040E32F /* SwipeFriendElement.swift in Sources */,
				1FF59CBB2B89B1860031C580 /* HomeView.swift in Sources */,
				1F2F1FD12B90DB7900A9615D /* BirthEntryView.swift in Sources */,
				1F2F1FC52B90AE2800A9615D /* SwipeView.swift in Sources */,
				1F54CFE02B95DD610084D766 /* SignInView.swift in Sources */,
				1F48230C2B9B09C500098AAE /* IntroductionEditView.swift in Sources */,
				1F4823082B9A27D500098AAE /* MyPageViewModel.swift in Sources */,
				1F4823102B9B278E00098AAE /* BirthEditView.swift in Sources */,
				1F1DFD802BA5E95C002366DF /* PrivacyView.swift in Sources */,
				1FF59CB92B890E490031C580 /* RegistrationView.swift in Sources */,
				1F2F1FCB2B90C62A00A9615D /* ExplanationText.swift in Sources */,
				1F1DFD842BA5FCA4002366DF /* SafariView.swift in Sources */,
				1FFB989C2BA763F8007CDFAC /* LoadFileDataModel.swift in Sources */,
				1FEF284D2B8B197600EAFB3E /* ChatDataModel.swift in Sources */,
				1F4822FF2B98C63300098AAE /* LikedCardView.swift in Sources */,
				1F1FEB3F2B9481C100F8AEA3 /* DataImage.swift in Sources */,
				1F48230E2B9B250E00098AAE /* AddressEditView.swift in Sources */,
				1F78BDA12B9B7B8C00E2FE66 /* FriendPreviewView.swift in Sources */,
				1FF59C652B84CEEB0031C580 /* BloomApp.swift in Sources */,
				1FF59CB72B89077E0031C580 /* MessageView.swift in Sources */,
				1F1B3CAD2B9CB8BD001F356E /* FriendTalkElement.swift in Sources */,
				1F1FEB3B2B93716E00F8AEA3 /* SwipeViewModel.swift in Sources */,
				1FFB98982BA75A49007CDFAC /* AccountStopView.swift in Sources */,
				1F2F1FC32B90AE1200A9615D /* SwipeCardView.swift in Sources */,
				1FF59CBD2B89BB9A0031C580 /* ProfileElement.swift in Sources */,
				1FF59CB12B8667860031C580 /* MessageViewModel.swift in Sources */,
				1FF59CB42B8670570031C580 /* MessageRowView.swift in Sources */,
				1FEF28452B8A149900EAFB3E /* UserDataModel.swift in Sources */,
				1FF59C902B84FCD80031C580 /* FirebaseAuthUIView.swift in Sources */,
				1F1B3CAB2B9C4A12001F356E /* UserDefaultsDataModel.swift in Sources */,
				1F1DFD902BA6CEAE002366DF /* DeleteAccountView.swift in Sources */,
				1F1FEB322B92C2DA00F8AEA3 /* Prefectures.swift in Sources */,
				1F1FEB342B92DAE200F8AEA3 /* GenderEntryView.swift in Sources */,
				1F1DFD822BA5FA0E002366DF /* ServiceView.swift in Sources */,
				1FEF284B2B8B0DCD00EAFB3E /* AccountStatus.swift in Sources */,
			);
			runOnlyForDeploymentPostprocessing = 0;
		};
/* End PBXSourcesBuildPhase section */

/* Begin XCBuildConfiguration section */
		1FF59C6E2B84CEEC0031C580 /* Debug */ = {
			isa = XCBuildConfiguration;
			buildSettings = {
				ALWAYS_SEARCH_USER_PATHS = NO;
				ASSETCATALOG_COMPILER_GENERATE_SWIFT_ASSET_SYMBOL_EXTENSIONS = YES;
				CLANG_ANALYZER_NONNULL = YES;
				CLANG_ANALYZER_NUMBER_OBJECT_CONVERSION = YES_AGGRESSIVE;
				CLANG_CXX_LANGUAGE_STANDARD = "gnu++20";
				CLANG_ENABLE_MODULES = YES;
				CLANG_ENABLE_OBJC_ARC = YES;
				CLANG_ENABLE_OBJC_WEAK = YES;
				CLANG_WARN_BLOCK_CAPTURE_AUTORELEASING = YES;
				CLANG_WARN_BOOL_CONVERSION = YES;
				CLANG_WARN_COMMA = YES;
				CLANG_WARN_CONSTANT_CONVERSION = YES;
				CLANG_WARN_DEPRECATED_OBJC_IMPLEMENTATIONS = YES;
				CLANG_WARN_DIRECT_OBJC_ISA_USAGE = YES_ERROR;
				CLANG_WARN_DOCUMENTATION_COMMENTS = YES;
				CLANG_WARN_EMPTY_BODY = YES;
				CLANG_WARN_ENUM_CONVERSION = YES;
				CLANG_WARN_INFINITE_RECURSION = YES;
				CLANG_WARN_INT_CONVERSION = YES;
				CLANG_WARN_NON_LITERAL_NULL_CONVERSION = YES;
				CLANG_WARN_OBJC_IMPLICIT_RETAIN_SELF = YES;
				CLANG_WARN_OBJC_LITERAL_CONVERSION = YES;
				CLANG_WARN_OBJC_ROOT_CLASS = YES_ERROR;
				CLANG_WARN_QUOTED_INCLUDE_IN_FRAMEWORK_HEADER = YES;
				CLANG_WARN_RANGE_LOOP_ANALYSIS = YES;
				CLANG_WARN_STRICT_PROTOTYPES = YES;
				CLANG_WARN_SUSPICIOUS_MOVE = YES;
				CLANG_WARN_UNGUARDED_AVAILABILITY = YES_AGGRESSIVE;
				CLANG_WARN_UNREACHABLE_CODE = YES;
				CLANG_WARN__DUPLICATE_METHOD_MATCH = YES;
				COPY_PHASE_STRIP = NO;
				DEBUG_INFORMATION_FORMAT = dwarf;
				ENABLE_STRICT_OBJC_MSGSEND = YES;
				ENABLE_TESTABILITY = YES;
				ENABLE_USER_SCRIPT_SANDBOXING = YES;
				GCC_C_LANGUAGE_STANDARD = gnu17;
				GCC_DYNAMIC_NO_PIC = NO;
				GCC_NO_COMMON_BLOCKS = YES;
				GCC_OPTIMIZATION_LEVEL = 0;
				GCC_PREPROCESSOR_DEFINITIONS = (
					"DEBUG=1",
					"$(inherited)",
				);
				GCC_WARN_64_TO_32_BIT_CONVERSION = YES;
				GCC_WARN_ABOUT_RETURN_TYPE = YES_ERROR;
				GCC_WARN_UNDECLARED_SELECTOR = YES;
				GCC_WARN_UNINITIALIZED_AUTOS = YES_AGGRESSIVE;
				GCC_WARN_UNUSED_FUNCTION = YES;
				GCC_WARN_UNUSED_VARIABLE = YES;
				LOCALIZATION_PREFERS_STRING_CATALOGS = YES;
				MTL_ENABLE_DEBUG_INFO = INCLUDE_SOURCE;
				MTL_FAST_MATH = YES;
				ONLY_ACTIVE_ARCH = YES;
				SWIFT_ACTIVE_COMPILATION_CONDITIONS = "DEBUG $(inherited)";
				SWIFT_OPTIMIZATION_LEVEL = "-Onone";
			};
			name = Debug;
		};
		1FF59C6F2B84CEEC0031C580 /* Release */ = {
			isa = XCBuildConfiguration;
			buildSettings = {
				ALWAYS_SEARCH_USER_PATHS = NO;
				ASSETCATALOG_COMPILER_GENERATE_SWIFT_ASSET_SYMBOL_EXTENSIONS = YES;
				CLANG_ANALYZER_NONNULL = YES;
				CLANG_ANALYZER_NUMBER_OBJECT_CONVERSION = YES_AGGRESSIVE;
				CLANG_CXX_LANGUAGE_STANDARD = "gnu++20";
				CLANG_ENABLE_MODULES = YES;
				CLANG_ENABLE_OBJC_ARC = YES;
				CLANG_ENABLE_OBJC_WEAK = YES;
				CLANG_WARN_BLOCK_CAPTURE_AUTORELEASING = YES;
				CLANG_WARN_BOOL_CONVERSION = YES;
				CLANG_WARN_COMMA = YES;
				CLANG_WARN_CONSTANT_CONVERSION = YES;
				CLANG_WARN_DEPRECATED_OBJC_IMPLEMENTATIONS = YES;
				CLANG_WARN_DIRECT_OBJC_ISA_USAGE = YES_ERROR;
				CLANG_WARN_DOCUMENTATION_COMMENTS = YES;
				CLANG_WARN_EMPTY_BODY = YES;
				CLANG_WARN_ENUM_CONVERSION = YES;
				CLANG_WARN_INFINITE_RECURSION = YES;
				CLANG_WARN_INT_CONVERSION = YES;
				CLANG_WARN_NON_LITERAL_NULL_CONVERSION = YES;
				CLANG_WARN_OBJC_IMPLICIT_RETAIN_SELF = YES;
				CLANG_WARN_OBJC_LITERAL_CONVERSION = YES;
				CLANG_WARN_OBJC_ROOT_CLASS = YES_ERROR;
				CLANG_WARN_QUOTED_INCLUDE_IN_FRAMEWORK_HEADER = YES;
				CLANG_WARN_RANGE_LOOP_ANALYSIS = YES;
				CLANG_WARN_STRICT_PROTOTYPES = YES;
				CLANG_WARN_SUSPICIOUS_MOVE = YES;
				CLANG_WARN_UNGUARDED_AVAILABILITY = YES_AGGRESSIVE;
				CLANG_WARN_UNREACHABLE_CODE = YES;
				CLANG_WARN__DUPLICATE_METHOD_MATCH = YES;
				COPY_PHASE_STRIP = NO;
				DEBUG_INFORMATION_FORMAT = "dwarf-with-dsym";
				ENABLE_NS_ASSERTIONS = NO;
				ENABLE_STRICT_OBJC_MSGSEND = YES;
				ENABLE_USER_SCRIPT_SANDBOXING = YES;
				GCC_C_LANGUAGE_STANDARD = gnu17;
				GCC_NO_COMMON_BLOCKS = YES;
				GCC_WARN_64_TO_32_BIT_CONVERSION = YES;
				GCC_WARN_ABOUT_RETURN_TYPE = YES_ERROR;
				GCC_WARN_UNDECLARED_SELECTOR = YES;
				GCC_WARN_UNINITIALIZED_AUTOS = YES_AGGRESSIVE;
				GCC_WARN_UNUSED_FUNCTION = YES;
				GCC_WARN_UNUSED_VARIABLE = YES;
				LOCALIZATION_PREFERS_STRING_CATALOGS = YES;
				MTL_ENABLE_DEBUG_INFO = NO;
				MTL_FAST_MATH = YES;
				SWIFT_COMPILATION_MODE = wholemodule;
			};
			name = Release;
		};
		1FF59C712B84CEEC0031C580 /* Debug */ = {
			isa = XCBuildConfiguration;
			buildSettings = {
				ASSETCATALOG_COMPILER_APPICON_NAME = AppIcon;
				ASSETCATALOG_COMPILER_GLOBAL_ACCENT_COLOR_NAME = AccentColor;
				CODE_SIGN_ENTITLEMENTS = Bloom/Bloom.entitlements;
				CODE_SIGN_STYLE = Automatic;
				CURRENT_PROJECT_VERSION = 1;
				DEVELOPMENT_ASSET_PATHS = "\"Bloom/Preview Content\"";
				DEVELOPMENT_TEAM = 254E5TZV4C;
				ENABLE_HARDENED_RUNTIME = YES;
				ENABLE_PREVIEWS = YES;
				GENERATE_INFOPLIST_FILE = YES;
				INFOPLIST_FILE = Bloom/Info.plist;
				"INFOPLIST_KEY_UIApplicationSceneManifest_Generation[sdk=iphoneos*]" = YES;
				"INFOPLIST_KEY_UIApplicationSceneManifest_Generation[sdk=iphonesimulator*]" = YES;
				"INFOPLIST_KEY_UIApplicationSupportsIndirectInputEvents[sdk=iphoneos*]" = YES;
				"INFOPLIST_KEY_UIApplicationSupportsIndirectInputEvents[sdk=iphonesimulator*]" = YES;
				"INFOPLIST_KEY_UILaunchScreen_Generation[sdk=iphoneos*]" = YES;
				"INFOPLIST_KEY_UILaunchScreen_Generation[sdk=iphonesimulator*]" = YES;
				"INFOPLIST_KEY_UIStatusBarStyle[sdk=iphoneos*]" = UIStatusBarStyleDefault;
				"INFOPLIST_KEY_UIStatusBarStyle[sdk=iphonesimulator*]" = UIStatusBarStyleDefault;
				INFOPLIST_KEY_UISupportedInterfaceOrientations_iPad = "UIInterfaceOrientationPortrait UIInterfaceOrientationPortraitUpsideDown UIInterfaceOrientationLandscapeLeft UIInterfaceOrientationLandscapeRight";
				INFOPLIST_KEY_UISupportedInterfaceOrientations_iPhone = "UIInterfaceOrientationPortrait UIInterfaceOrientationLandscapeLeft UIInterfaceOrientationLandscapeRight";
				IPHONEOS_DEPLOYMENT_TARGET = 17.0;
				LD_RUNPATH_SEARCH_PATHS = "@executable_path/Frameworks";
				"LD_RUNPATH_SEARCH_PATHS[sdk=macosx*]" = "@executable_path/../Frameworks";
				MACOSX_DEPLOYMENT_TARGET = 14.0;
				MARKETING_VERSION = 1.0;
				PRODUCT_BUNDLE_IDENTIFIER = ryuprogrammer.Bloom;
				PRODUCT_NAME = "$(TARGET_NAME)";
				SDKROOT = auto;
				SUPPORTED_PLATFORMS = "iphoneos iphonesimulator macosx";
				SWIFT_EMIT_LOC_STRINGS = YES;
				SWIFT_VERSION = 5.0;
				TARGETED_DEVICE_FAMILY = "1,2";
			};
			name = Debug;
		};
		1FF59C722B84CEEC0031C580 /* Release */ = {
			isa = XCBuildConfiguration;
			buildSettings = {
				ASSETCATALOG_COMPILER_APPICON_NAME = AppIcon;
				ASSETCATALOG_COMPILER_GLOBAL_ACCENT_COLOR_NAME = AccentColor;
				CODE_SIGN_ENTITLEMENTS = Bloom/Bloom.entitlements;
				CODE_SIGN_STYLE = Automatic;
				CURRENT_PROJECT_VERSION = 1;
				DEVELOPMENT_ASSET_PATHS = "\"Bloom/Preview Content\"";
				DEVELOPMENT_TEAM = 254E5TZV4C;
				ENABLE_HARDENED_RUNTIME = YES;
				ENABLE_PREVIEWS = YES;
				GENERATE_INFOPLIST_FILE = YES;
				INFOPLIST_FILE = Bloom/Info.plist;
				"INFOPLIST_KEY_UIApplicationSceneManifest_Generation[sdk=iphoneos*]" = YES;
				"INFOPLIST_KEY_UIApplicationSceneManifest_Generation[sdk=iphonesimulator*]" = YES;
				"INFOPLIST_KEY_UIApplicationSupportsIndirectInputEvents[sdk=iphoneos*]" = YES;
				"INFOPLIST_KEY_UIApplicationSupportsIndirectInputEvents[sdk=iphonesimulator*]" = YES;
				"INFOPLIST_KEY_UILaunchScreen_Generation[sdk=iphoneos*]" = YES;
				"INFOPLIST_KEY_UILaunchScreen_Generation[sdk=iphonesimulator*]" = YES;
				"INFOPLIST_KEY_UIStatusBarStyle[sdk=iphoneos*]" = UIStatusBarStyleDefault;
				"INFOPLIST_KEY_UIStatusBarStyle[sdk=iphonesimulator*]" = UIStatusBarStyleDefault;
				INFOPLIST_KEY_UISupportedInterfaceOrientations_iPad = "UIInterfaceOrientationPortrait UIInterfaceOrientationPortraitUpsideDown UIInterfaceOrientationLandscapeLeft UIInterfaceOrientationLandscapeRight";
				INFOPLIST_KEY_UISupportedInterfaceOrientations_iPhone = "UIInterfaceOrientationPortrait UIInterfaceOrientationLandscapeLeft UIInterfaceOrientationLandscapeRight";
				IPHONEOS_DEPLOYMENT_TARGET = 17.0;
				LD_RUNPATH_SEARCH_PATHS = "@executable_path/Frameworks";
				"LD_RUNPATH_SEARCH_PATHS[sdk=macosx*]" = "@executable_path/../Frameworks";
				MACOSX_DEPLOYMENT_TARGET = 14.0;
				MARKETING_VERSION = 1.0;
				PRODUCT_BUNDLE_IDENTIFIER = ryuprogrammer.Bloom;
				PRODUCT_NAME = "$(TARGET_NAME)";
				SDKROOT = auto;
				SUPPORTED_PLATFORMS = "iphoneos iphonesimulator macosx";
				SWIFT_EMIT_LOC_STRINGS = YES;
				SWIFT_VERSION = 5.0;
				TARGETED_DEVICE_FAMILY = "1,2";
			};
			name = Release;
		};
/* End XCBuildConfiguration section */

/* Begin XCConfigurationList section */
		1FF59C5C2B84CEEB0031C580 /* Build configuration list for PBXProject "Bloom" */ = {
			isa = XCConfigurationList;
			buildConfigurations = (
				1FF59C6E2B84CEEC0031C580 /* Debug */,
				1FF59C6F2B84CEEC0031C580 /* Release */,
			);
			defaultConfigurationIsVisible = 0;
			defaultConfigurationName = Release;
		};
		1FF59C702B84CEEC0031C580 /* Build configuration list for PBXNativeTarget "Bloom" */ = {
			isa = XCConfigurationList;
			buildConfigurations = (
				1FF59C712B84CEEC0031C580 /* Debug */,
				1FF59C722B84CEEC0031C580 /* Release */,
			);
			defaultConfigurationIsVisible = 0;
			defaultConfigurationName = Release;
		};
/* End XCConfigurationList section */

/* Begin XCRemoteSwiftPackageReference section */
		1FF59C772B84E64B0031C580 /* XCRemoteSwiftPackageReference "firebase-ios-sdk" */ = {
			isa = XCRemoteSwiftPackageReference;
			repositoryURL = "https://github.com/firebase/firebase-ios-sdk";
			requirement = {
				kind = upToNextMajorVersion;
				minimumVersion = 10.21.0;
			};
		};
		1FF59C932B8507E60031C580 /* XCRemoteSwiftPackageReference "FirebaseUI-iOS" */ = {
			isa = XCRemoteSwiftPackageReference;
			repositoryURL = "https://github.com/firebase/FirebaseUI-iOS.git";
			requirement = {
				branch = main;
				kind = branch;
			};
		};
/* End XCRemoteSwiftPackageReference section */

/* Begin XCSwiftPackageProductDependency section */
		1FF59C782B84E64B0031C580 /* FirebaseAnalytics */ = {
			isa = XCSwiftPackageProductDependency;
			package = 1FF59C772B84E64B0031C580 /* XCRemoteSwiftPackageReference "firebase-ios-sdk" */;
			productName = FirebaseAnalytics;
		};
		1FF59C7A2B84E64C0031C580 /* FirebaseAnalyticsOnDeviceConversion */ = {
			isa = XCSwiftPackageProductDependency;
			package = 1FF59C772B84E64B0031C580 /* XCRemoteSwiftPackageReference "firebase-ios-sdk" */;
			productName = FirebaseAnalyticsOnDeviceConversion;
		};
		1FF59C7C2B84E64C0031C580 /* FirebaseAnalyticsSwift */ = {
			isa = XCSwiftPackageProductDependency;
			package = 1FF59C772B84E64B0031C580 /* XCRemoteSwiftPackageReference "firebase-ios-sdk" */;
			productName = FirebaseAnalyticsSwift;
		};
		1FF59C7E2B84E64C0031C580 /* FirebaseAnalyticsWithoutAdIdSupport */ = {
			isa = XCSwiftPackageProductDependency;
			package = 1FF59C772B84E64B0031C580 /* XCRemoteSwiftPackageReference "firebase-ios-sdk" */;
			productName = FirebaseAnalyticsWithoutAdIdSupport;
		};
		1FF59C802B84E64C0031C580 /* FirebaseAppCheck */ = {
			isa = XCSwiftPackageProductDependency;
			package = 1FF59C772B84E64B0031C580 /* XCRemoteSwiftPackageReference "firebase-ios-sdk" */;
			productName = FirebaseAppCheck;
		};
		1FF59C942B8507E70031C580 /* FirebaseAnonymousAuthUI */ = {
			isa = XCSwiftPackageProductDependency;
			package = 1FF59C932B8507E60031C580 /* XCRemoteSwiftPackageReference "FirebaseUI-iOS" */;
			productName = FirebaseAnonymousAuthUI;
		};
		1FF59C962B8507E70031C580 /* FirebaseAuthUI */ = {
			isa = XCSwiftPackageProductDependency;
			package = 1FF59C932B8507E60031C580 /* XCRemoteSwiftPackageReference "FirebaseUI-iOS" */;
			productName = FirebaseAuthUI;
		};
		1FF59C982B8507E70031C580 /* FirebaseDatabaseUI */ = {
			isa = XCSwiftPackageProductDependency;
			package = 1FF59C932B8507E60031C580 /* XCRemoteSwiftPackageReference "FirebaseUI-iOS" */;
			productName = FirebaseDatabaseUI;
		};
		1FF59C9A2B8507E70031C580 /* FirebaseEmailAuthUI */ = {
			isa = XCSwiftPackageProductDependency;
			package = 1FF59C932B8507E60031C580 /* XCRemoteSwiftPackageReference "FirebaseUI-iOS" */;
			productName = FirebaseEmailAuthUI;
		};
		1FF59C9C2B8507E70031C580 /* FirebaseFacebookAuthUI */ = {
			isa = XCSwiftPackageProductDependency;
			package = 1FF59C932B8507E60031C580 /* XCRemoteSwiftPackageReference "FirebaseUI-iOS" */;
			productName = FirebaseFacebookAuthUI;
		};
		1FF59C9E2B8507E70031C580 /* FirebaseFirestoreUI */ = {
			isa = XCSwiftPackageProductDependency;
			package = 1FF59C932B8507E60031C580 /* XCRemoteSwiftPackageReference "FirebaseUI-iOS" */;
			productName = FirebaseFirestoreUI;
		};
		1FF59CA02B8507E70031C580 /* FirebaseGoogleAuthUI */ = {
			isa = XCSwiftPackageProductDependency;
			package = 1FF59C932B8507E60031C580 /* XCRemoteSwiftPackageReference "FirebaseUI-iOS" */;
			productName = FirebaseGoogleAuthUI;
		};
		1FF59CA22B8507E70031C580 /* FirebaseOAuthUI */ = {
			isa = XCSwiftPackageProductDependency;
			package = 1FF59C932B8507E60031C580 /* XCRemoteSwiftPackageReference "FirebaseUI-iOS" */;
			productName = FirebaseOAuthUI;
		};
		1FF59CA42B8507E70031C580 /* FirebasePhoneAuthUI */ = {
			isa = XCSwiftPackageProductDependency;
			package = 1FF59C932B8507E60031C580 /* XCRemoteSwiftPackageReference "FirebaseUI-iOS" */;
			productName = FirebasePhoneAuthUI;
		};
		1FF59CA62B8507E70031C580 /* FirebaseStorageUI */ = {
			isa = XCSwiftPackageProductDependency;
			package = 1FF59C932B8507E60031C580 /* XCRemoteSwiftPackageReference "FirebaseUI-iOS" */;
			productName = FirebaseStorageUI;
		};
/* End XCSwiftPackageProductDependency section */
	};
	rootObject = 1FF59C592B84CEEB0031C580 /* Project object */;
}
